
Microsoft Visual Studio Solution File, Format Version 12.00
# Visual Studio Version 16
VisualStudioVersion = 16.0.29613.14
MinimumVisualStudioVersion = 10.0.40219.1
Project("{FAE04EC0-301F-11D3-BF4B-00C04F79EFBC}") = "CVAAS.Contact", "CVAAS.Contact\CVAAS.Contact.csproj", "{AB846568-041C-4322-9DCC-C316A2C53A5F}"
EndProject
Global
	GlobalSection(SolutionConfigurationPlatforms) = preSolution
		Debug|Any CPU = Debug|Any CPU
		Release|Any CPU = Release|Any CPU
	EndGlobalSection
	GlobalSection(ProjectConfigurationPlatforms) = postSolution
		{AB846568-041C-4322-9DCC-C316A2C53A5F}.Debug|Any CPU.ActiveCfg = Debug|Any CPU
		{AB846568-041C-4322-9DCC-C316A2C53A5F}.Debug|Any CPU.Build.0 = Debug|Any CPU
		{AB846568-041C-4322-9DCC-C316A2C53A5F}.Release|Any CPU.ActiveCfg = Release|Any CPU
		{AB846568-041C-4322-9DCC-C316A2C53A5F}.Release|Any CPU.Build.0 = Release|Any CPU
	EndGlobalSection
	GlobalSection(SolutionProperties) = preSolution
		HideSolutionNode = FALSE
	EndGlobalSection
	GlobalSection(ExtensibilityGlobals) = postSolution
		SolutionGuid = {E7AEF3FB-B4FC-4A6C-91BF-21F71135FEA8}
	EndGlobalSection
EndGlobal
